// !$*UTF8*$!
{
	archiveVersion = 1;
	classes = {
	};
	objectVersion = 77;
	objects = {

/* Begin PBXBuildFile section */
		6C56A7BA2EE82E2900399E69 /* RadioBrowserKit in Frameworks */ = {isa = PBXBuildFile; productRef = 6C56A7B92EE82E2900399E69 /* RadioBrowserKit */; };
		6C56A8672EE83D6800399E69 /* RadioBrowserKit in Frameworks */ = {isa = PBXBuildFile; productRef = 6C56A8662EE83D6800399E69 /* RadioBrowserKit */; };
/* End PBXBuildFile section */

/* Begin PBXContainerItemProxy section */
		6C56A78E2EE82DF200399E69 /* PBXContainerItemProxy */ = {
			isa = PBXContainerItemProxy;
			containerPortal = 6C56A7762EE82DF000399E69 /* Project object */;
			proxyType = 1;
			remoteGlobalIDString = 6C56A77D2EE82DF000399E69;
			remoteInfo = MacRadio;
		};
		6C56A7982EE82DF200399E69 /* PBXContainerItemProxy */ = {
			isa = PBXContainerItemProxy;
			containerPortal = 6C56A7762EE82DF000399E69 /* Project object */;
			proxyType = 1;
			remoteGlobalIDString = 6C56A77D2EE82DF000399E69;
			remoteInfo = MacRadio;
		};
/* End PBXContainerItemProxy section */

/* Begin PBXFileReference section */
		6C56A77E2EE82DF000399E69 /* MacRadio.app */ = {isa = PBXFileReference; explicitFileType = wrapper.application; includeInIndex = 0; path = MacRadio.app; sourceTree = BUILT_PRODUCTS_DIR; };
		6C56A78D2EE82DF200399E69 /* MacRadioTests.xctest */ = {isa = PBXFileReference; explicitFileType = wrapper.cfbundle; includeInIndex = 0; path = MacRadioTests.xctest; sourceTree = BUILT_PRODUCTS_DIR; };
		6C56A7972EE82DF200399E69 /* MacRadioUITests.xctest */ = {isa = PBXFileReference; explicitFileType = wrapper.cfbundle; includeInIndex = 0; path = MacRadioUITests.xctest; sourceTree = BUILT_PRODUCTS_DIR; };
/* End PBXFileReference section */

/* Begin PBXFileSystemSynchronizedRootGroup section */
		6C56A7802EE82DF000399E69 /* MacRadio */ = {
			isa = PBXFileSystemSynchronizedRootGroup;
			path = MacRadio;
			sourceTree = "<group>";
		};
		6C56A7902EE82DF200399E69 /* MacRadioTests */ = {
			isa = PBXFileSystemSynchronizedRootGroup;
			path = MacRadioTests;
			sourceTree = "<group>";
		};
		6C56A79A2EE82DF200399E69 /* MacRadioUITests */ = {
			isa = PBXFileSystemSynchronizedRootGroup;
			path = MacRadioUITests;
			sourceTree = "<group>";
		};
/* End PBXFileSystemSynchronizedRootGroup section */

/* Begin PBXFrameworksBuildPhase section */
		6C56A77B2EE82DF000399E69 /* Frameworks */ = {
			isa = PBXFrameworksBuildPhase;
			buildActionMask = 2147483647;
			files = (
				6C56A8672EE83D6800399E69 /* RadioBrowserKit in Frameworks */,
				6C56A7BA2EE82E2900399E69 /* RadioBrowserKit in Frameworks */,
			);
			runOnlyForDeploymentPostprocessing = 0;
		};
		6C56A78A2EE82DF200399E69 /* Frameworks */ = {
			isa = PBXFrameworksBuildPhase;
			buildActionMask = 2147483647;
			files = (
			);
			runOnlyForDeploymentPostprocessing = 0;
		};
		6C56A7942EE82DF200399E69 /* Frameworks */ = {
			isa = PBXFrameworksBuildPhase;
			buildActionMask = 2147483647;
			files = (
			);
			runOnlyForDeploymentPostprocessing = 0;
		};
/* End PBXFrameworksBuildPhase section */

/* Begin PBXGroup section */
		6C56A7752EE82DF000399E69 = {
			isa = PBXGroup;
			children = (
				6C56A7802EE82DF000399E69 /* MacRadio */,
				6C56A7902EE82DF200399E69 /* MacRadioTests */,
				6C56A79A2EE82DF200399E69 /* MacRadioUITests */,
				6C56A77F2EE82DF000399E69 /* Products */,
			);
			sourceTree = "<group>";
		};
		6C56A77F2EE82DF000399E69 /* Products */ = {
			isa = PBXGroup;
			children = (
				6C56A77E2EE82DF000399E69 /* MacRadio.app */,
				6C56A78D2EE82DF200399E69 /* MacRadioTests.xctest */,
				6C56A7972EE82DF200399E69 /* MacRadioUITests.xctest */,
			);
			name = Products;
			sourceTree = "<group>";
		};
/* End PBXGroup section */

/* Begin PBXNativeTarget section */
		6C56A77D2EE82DF000399E69 /* MacRadio */ = {
			isa = PBXNativeTarget;
			buildConfigurationList = 6C56A7A12EE82DF200399E69 /* Build configuration list for PBXNativeTarget "MacRadio" */;
			buildPhases = (
				6C56A77A2EE82DF000399E69 /* Sources */,
				6C56A77B2EE82DF000399E69 /* Frameworks */,
				6C56A77C2EE82DF000399E69 /* Resources */,
			);
			buildRules = (
			);
			dependencies = (
			);
			fileSystemSynchronizedGroups = (
				6C56A7802EE82DF000399E69 /* MacRadio */,
			);
			name = MacRadio;
			packageProductDependencies = (
				6C56A7B92EE82E2900399E69 /* RadioBrowserKit */,
				6C56A8662EE83D6800399E69 /* RadioBrowserKit */,
			);
			productName = MacRadio;
			productReference = 6C56A77E2EE82DF000399E69 /* MacRadio.app */;
			productType = "com.apple.product-type.application";
		};
		6C56A78C2EE82DF200399E69 /* MacRadioTests */ = {
			isa = PBXNativeTarget;
			buildConfigurationList = 6C56A7A42EE82DF200399E69 /* Build configuration list for PBXNativeTarget "MacRadioTests" */;
			buildPhases = (
				6C56A7892EE82DF200399E69 /* Sources */,
				6C56A78A2EE82DF200399E69 /* Frameworks */,
				6C56A78B2EE82DF200399E69 /* Resources */,
			);
			buildRules = (
			);
			dependencies = (
				6C56A78F2EE82DF200399E69 /* PBXTargetDependency */,
			);
			fileSystemSynchronizedGroups = (
				6C56A7902EE82DF200399E69 /* MacRadioTests */,
			);
			name = MacRadioTests;
			packageProductDependencies = (
			);
			productName = MacRadioTests;
			productReference = 6C56A78D2EE82DF200399E69 /* MacRadioTests.xctest */;
			productType = "com.apple.product-type.bundle.unit-test";
		};
		6C56A7962EE82DF200399E69 /* MacRadioUITests */ = {
			isa = PBXNativeTarget;
			buildConfigurationList = 6C56A7A72EE82DF200399E69 /* Build configuration list for PBXNativeTarget "MacRadioUITests" */;
			buildPhases = (
				6C56A7932EE82DF200399E69 /* Sources */,
				6C56A7942EE82DF200399E69 /* Frameworks */,
				6C56A7952EE82DF200399E69 /* Resources */,
			);
			buildRules = (
			);
			dependencies = (
				6C56A7992EE82DF200399E69 /* PBXTargetDependency */,
			);
			fileSystemSynchronizedGroups = (
				6C56A79A2EE82DF200399E69 /* MacRadioUITests */,
			);
			name = MacRadioUITests;
			packageProductDependencies = (
			);
			productName = MacRadioUITests;
			productReference = 6C56A7972EE82DF200399E69 /* MacRadioUITests.xctest */;
			productType = "com.apple.product-type.bundle.ui-testing";
		};
/* End PBXNativeTarget section */

/* Begin PBXProject section */
		6C56A7762EE82DF000399E69 /* Project object */ = {
			isa = PBXProject;
			attributes = {
				BuildIndependentTargetsInParallel = 1;
				LastSwiftUpdateCheck = 2600;
				LastUpgradeCheck = 2600;
				TargetAttributes = {
					6C56A77D2EE82DF000399E69 = {
						CreatedOnToolsVersion = 26.0;
					};
					6C56A78C2EE82DF200399E69 = {
						CreatedOnToolsVersion = 26.0;
						TestTargetID = 6C56A77D2EE82DF000399E69;
					};
					6C56A7962EE82DF200399E69 = {
						CreatedOnToolsVersion = 26.0;
						TestTargetID = 6C56A77D2EE82DF000399E69;
					};
				};
			};
			buildConfigurationList = 6C56A7792EE82DF000399E69 /* Build configuration list for PBXProject "MacRadio" */;
			developmentRegion = en;
			hasScannedForEncodings = 0;
			knownRegions = (
				en,
				Base,
			);
			mainGroup = 6C56A7752EE82DF000399E69;
			minimizedProjectReferenceProxies = 1;
			packageReferences = (
				6C56A8652EE83D6800399E69 /* XCRemoteSwiftPackageReference "RadioBrowserKit" */,
			);
			preferredProjectObjectVersion = 77;
			productRefGroup = 6C56A77F2EE82DF000399E69 /* Products */;
			projectDirPath = "";
			projectRoot = "";
			targets = (
				6C56A77D2EE82DF000399E69 /* MacRadio */,
				6C56A78C2EE82DF200399E69 /* MacRadioTests */,
				6C56A7962EE82DF200399E69 /* MacRadioUITests */,
			);
		};
/* End PBXProject section */

/* Begin PBXResourcesBuildPhase section */
		6C56A77C2EE82DF000399E69 /* Resources */ = {
			isa = PBXResourcesBuildPhase;
			buildActionMask = 2147483647;
			files = (
			);
			runOnlyForDeploymentPostprocessing = 0;
		};
		6C56A78B2EE82DF200399E69 /* Resources */ = {
			isa = PBXResourcesBuildPhase;
			buildActionMask = 2147483647;
			files = (
			);
			runOnlyForDeploymentPostprocessing = 0;
		};
		6C56A7952EE82DF200399E69 /* Resources */ = {
			isa = PBXResourcesBuildPhase;
			buildActionMask = 2147483647;
			files = (
			);
			runOnlyForDeploymentPostprocessing = 0;
		};
/* End PBXResourcesBuildPhase section */

/* Begin PBXSourcesBuildPhase section */
		6C56A77A2EE82DF000399E69 /* Sources */ = {
			isa = PBXSourcesBuildPhase;
			buildActionMask = 2147483647;
			files = (
			);
			runOnlyForDeploymentPostprocessing = 0;
		};
		6C56A7892EE82DF200399E69 /* Sources */ = {
			isa = PBXSourcesBuildPhase;
			buildActionMask = 2147483647;
			files = (
			);
			runOnlyForDeploymentPostprocessing = 0;
		};
		6C56A7932EE82DF200399E69 /* Sources */ = {
			isa = PBXSourcesBuildPhase;
			buildActionMask = 2147483647;
			files = (
			);
			runOnlyForDeploymentPostprocessing = 0;
		};
/* End PBXSourcesBuildPhase section */

/* Begin PBXTargetDependency section */
		6C56A78F2EE82DF200399E69 /* PBXTargetDependency */ = {
			isa = PBXTargetDependency;
			target = 6C56A77D2EE82DF000399E69 /* MacRadio */;
			targetProxy = 6C56A78E2EE82DF200399E69 /* PBXContainerItemProxy */;
		};
		6C56A7992EE82DF200399E69 /* PBXTargetDependency */ = {
			isa = PBXTargetDependency;
			target = 6C56A77D2EE82DF000399E69 /* MacRadio */;
			targetProxy = 6C56A7982EE82DF200399E69 /* PBXContainerItemProxy */;
		};
/* End PBXTargetDependency section */

/* Begin XCBuildConfiguration section */
		6C56A79F2EE82DF200399E69 /* Debug */ = {
			isa = XCBuildConfiguration;
			buildSettings = {
				ALWAYS_SEARCH_USER_PATHS = NO;
				ASSETCATALOG_COMPILER_GENERATE_SWIFT_ASSET_SYMBOL_EXTENSIONS = YES;
				CLANG_ANALYZER_NONNULL = YES;
				CLANG_ANALYZER_NUMBER_OBJECT_CONVERSION = YES_AGGRESSIVE;
				CLANG_CXX_LANGUAGE_STANDARD = "gnu++20";
				CLANG_ENABLE_MODULES = YES;
				CLANG_ENABLE_OBJC_ARC = YES;
				CLANG_ENABLE_OBJC_WEAK = YES;
				CLANG_WARN_BLOCK_CAPTURE_AUTORELEASING = YES;
				CLANG_WARN_BOOL_CONVERSION = YES;
				CLANG_WARN_COMMA = YES;
				CLANG_WARN_CONSTANT_CONVERSION = YES;
				CLANG_WARN_DEPRECATED_OBJC_IMPLEMENTATIONS = YES;
				CLANG_WARN_DIRECT_OBJC_ISA_USAGE = YES_ERROR;
				CLANG_WARN_DOCUMENTATION_COMMENTS = YES;
				CLANG_WARN_EMPTY_BODY = YES;
				CLANG_WARN_ENUM_CONVERSION = YES;
				CLANG_WARN_INFINITE_RECURSION = YES;
				CLANG_WARN_INT_CONVERSION = YES;
				CLANG_WARN_NON_LITERAL_NULL_CONVERSION = YES;
				CLANG_WARN_OBJC_IMPLICIT_RETAIN_SELF = YES;
				CLANG_WARN_OBJC_LITERAL_CONVERSION = YES;
				CLANG_WARN_OBJC_ROOT_CLASS = YES_ERROR;
				CLANG_WARN_QUOTED_INCLUDE_IN_FRAMEWORK_HEADER = YES;
				CLANG_WARN_RANGE_LOOP_ANALYSIS = YES;
				CLANG_WARN_STRICT_PROTOTYPES = YES;
				CLANG_WARN_SUSPICIOUS_MOVE = YES;
				CLANG_WARN_UNGUARDED_AVAILABILITY = YES_AGGRESSIVE;
				CLANG_WARN_UNREACHABLE_CODE = YES;
				CLANG_WARN__DUPLICATE_METHOD_MATCH = YES;
				COPY_PHASE_STRIP = NO;
				DEBUG_INFORMATION_FORMAT = dwarf;
				DEVELOPMENT_TEAM = A3H2F8CC68;
				ENABLE_STRICT_OBJC_MSGSEND = YES;
				ENABLE_TESTABILITY = YES;
				ENABLE_USER_SCRIPT_SANDBOXING = YES;
				GCC_C_LANGUAGE_STANDARD = gnu17;
				GCC_DYNAMIC_NO_PIC = NO;
				GCC_NO_COMMON_BLOCKS = YES;
				GCC_OPTIMIZATION_LEVEL = 0;
				GCC_PREPROCESSOR_DEFINITIONS = (
					"DEBUG=1",
					"$(inherited)",
				);
				GCC_WARN_64_TO_32_BIT_CONVERSION = YES;
				GCC_WARN_ABOUT_RETURN_TYPE = YES_ERROR;
				GCC_WARN_UNDECLARED_SELECTOR = YES;
				GCC_WARN_UNINITIALIZED_AUTOS = YES_AGGRESSIVE;
				GCC_WARN_UNUSED_FUNCTION = YES;
				GCC_WARN_UNUSED_VARIABLE = YES;
				LOCALIZATION_PREFERS_STRING_CATALOGS = YES;
				MACOSX_DEPLOYMENT_TARGET = 26.0;
				MTL_ENABLE_DEBUG_INFO = INCLUDE_SOURCE;
				MTL_FAST_MATH = YES;
				ONLY_ACTIVE_ARCH = YES;
				SDKROOT = macosx;
				SWIFT_ACTIVE_COMPILATION_CONDITIONS = "DEBUG $(inherited)";
				SWIFT_OPTIMIZATION_LEVEL = "-Onone";
			};
			name = Debug;
		};
		6C56A7A02EE82DF200399E69 /* Release */ = {
			isa = XCBuildConfiguration;
			buildSettings = {
				ALWAYS_SEARCH_USER_PATHS = NO;
				ASSETCATALOG_COMPILER_GENERATE_SWIFT_ASSET_SYMBOL_EXTENSIONS = YES;
				CLANG_ANALYZER_NONNULL = YES;
				CLANG_ANALYZER_NUMBER_OBJECT_CONVERSION = YES_AGGRESSIVE;
				CLANG_CXX_LANGUAGE_STANDARD = "gnu++20";
				CLANG_ENABLE_MODULES = YES;
				CLANG_ENABLE_OBJC_ARC = YES;
				CLANG_ENABLE_OBJC_WEAK = YES;
				CLANG_WARN_BLOCK_CAPTURE_AUTORELEASING = YES;
				CLANG_WARN_BOOL_CONVERSION = YES;
				CLANG_WARN_COMMA = YES;
				CLANG_WARN_CONSTANT_CONVERSION = YES;
				CLANG_WARN_DEPRECATED_OBJC_IMPLEMENTATIONS = YES;
				CLANG_WARN_DIRECT_OBJC_ISA_USAGE = YES_ERROR;
				CLANG_WARN_DOCUMENTATION_COMMENTS = YES;
				CLANG_WARN_EMPTY_BODY = YES;
				CLANG_WARN_ENUM_CONVERSION = YES;
				CLANG_WARN_INFINITE_RECURSION = YES;
				CLANG_WARN_INT_CONVERSION = YES;
				CLANG_WARN_NON_LITERAL_NULL_CONVERSION = YES;
				CLANG_WARN_OBJC_IMPLICIT_RETAIN_SELF = YES;
				CLANG_WARN_OBJC_LITERAL_CONVERSION = YES;
				CLANG_WARN_OBJC_ROOT_CLASS = YES_ERROR;
				CLANG_WARN_QUOTED_INCLUDE_IN_FRAMEWORK_HEADER = YES;
				CLANG_WARN_RANGE_LOOP_ANALYSIS = YES;
				CLANG_WARN_STRICT_PROTOTYPES = YES;
				CLANG_WARN_SUSPICIOUS_MOVE = YES;
				CLANG_WARN_UNGUARDED_AVAILABILITY = YES_AGGRESSIVE;
				CLANG_WARN_UNREACHABLE_CODE = YES;
				CLANG_WARN__DUPLICATE_METHOD_MATCH = YES;
				COPY_PHASE_STRIP = NO;
				DEBUG_INFORMATION_FORMAT = "dwarf-with-dsym";
				DEVELOPMENT_TEAM = A3H2F8CC68;
				ENABLE_NS_ASSERTIONS = NO;
				ENABLE_STRICT_OBJC_MSGSEND = YES;
				ENABLE_USER_SCRIPT_SANDBOXING = YES;
				GCC_C_LANGUAGE_STANDARD = gnu17;
				GCC_NO_COMMON_BLOCKS = YES;
				GCC_WARN_64_TO_32_BIT_CONVERSION = YES;
				GCC_WARN_ABOUT_RETURN_TYPE = YES_ERROR;
				GCC_WARN_UNDECLARED_SELECTOR = YES;
				GCC_WARN_UNINITIALIZED_AUTOS = YES_AGGRESSIVE;
				GCC_WARN_UNUSED_FUNCTION = YES;
				GCC_WARN_UNUSED_VARIABLE = YES;
				LOCALIZATION_PREFERS_STRING_CATALOGS = YES;
				MACOSX_DEPLOYMENT_TARGET = 26.0;
				MTL_ENABLE_DEBUG_INFO = NO;
				MTL_FAST_MATH = YES;
				SDKROOT = macosx;
				SWIFT_COMPILATION_MODE = wholemodule;
			};
			name = Release;
		};
		6C56A7A22EE82DF200399E69 /* Debug */ = {
			isa = XCBuildConfiguration;
			buildSettings = {
				ASSETCATALOG_COMPILER_APPICON_NAME = AppIcon;
				ASSETCATALOG_COMPILER_GLOBAL_ACCENT_COLOR_NAME = AccentColor;
				CODE_SIGN_ENTITLEMENTS = MacRadio/MacRadio.entitlements;
				CODE_SIGN_STYLE = Automatic;
				COMBINE_HIDPI_IMAGES = YES;
				CURRENT_PROJECT_VERSION = 1;
				DEVELOPMENT_TEAM = A3H2F8CC68;
				ENABLE_APP_SANDBOX = YES;
				ENABLE_HARDENED_RUNTIME = YES;
				ENABLE_PREVIEWS = YES;
				ENABLE_USER_SELECTED_FILES = readonly;
				GENERATE_INFOPLIST_FILE = YES;
				INFOPLIST_KEY_NSHumanReadableCopyright = "";
				LD_RUNPATH_SEARCH_PATHS = (
					"$(inherited)",
					"@executable_path/../Frameworks",
				);
				MARKETING_VERSION = 1.0;
				PRODUCT_BUNDLE_IDENTIFIER = com.pankajgaikar.MacRadio;
				PRODUCT_NAME = "$(TARGET_NAME)";
				REGISTER_APP_GROUPS = YES;
				STRING_CATALOG_GENERATE_SYMBOLS = YES;
				SWIFT_APPROACHABLE_CONCURRENCY = YES;
				SWIFT_DEFAULT_ACTOR_ISOLATION = MainActor;
				SWIFT_EMIT_LOC_STRINGS = YES;
				SWIFT_UPCOMING_FEATURE_MEMBER_IMPORT_VISIBILITY = YES;
				SWIFT_VERSION = 5.0;
			};
			name = Debug;
		};
		6C56A7A32EE82DF200399E69 /* Release */ = {
			isa = XCBuildConfiguration;
			buildSettings = {
				ASSETCATALOG_COMPILER_APPICON_NAME = AppIcon;
				ASSETCATALOG_COMPILER_GLOBAL_ACCENT_COLOR_NAME = AccentColor;
				CODE_SIGN_ENTITLEMENTS = MacRadio/MacRadio.entitlements;
				CODE_SIGN_STYLE = Automatic;
				COMBINE_HIDPI_IMAGES = YES;
				CURRENT_PROJECT_VERSION = 1;
				DEVELOPMENT_TEAM = A3H2F8CC68;
				ENABLE_APP_SANDBOX = YES;
				ENABLE_HARDENED_RUNTIME = YES;
				ENABLE_PREVIEWS = YES;
				ENABLE_USER_SELECTED_FILES = readonly;
				GENERATE_INFOPLIST_FILE = YES;
				INFOPLIST_KEY_NSHumanReadableCopyright = "";
				LD_RUNPATH_SEARCH_PATHS = (
					"$(inherited)",
					"@executable_path/../Frameworks",
				);
				MARKETING_VERSION = 1.0;
				PRODUCT_BUNDLE_IDENTIFIER = com.pankajgaikar.MacRadio;
				PRODUCT_NAME = "$(TARGET_NAME)";
				REGISTER_APP_GROUPS = YES;
				STRING_CATALOG_GENERATE_SYMBOLS = YES;
				SWIFT_APPROACHABLE_CONCURRENCY = YES;
				SWIFT_DEFAULT_ACTOR_ISOLATION = MainActor;
				SWIFT_EMIT_LOC_STRINGS = YES;
				SWIFT_UPCOMING_FEATURE_MEMBER_IMPORT_VISIBILITY = YES;
				SWIFT_VERSION = 5.0;
			};
			name = Release;
		};
		6C56A7A52EE82DF200399E69 /* Debug */ = {
			isa = XCBuildConfiguration;
			buildSettings = {
				BUNDLE_LOADER = "$(TEST_HOST)";
				CODE_SIGN_STYLE = Automatic;
				CURRENT_PROJECT_VERSION = 1;
				DEVELOPMENT_TEAM = A3H2F8CC68;
				GENERATE_INFOPLIST_FILE = YES;
				MACOSX_DEPLOYMENT_TARGET = 26.0;
				MARKETING_VERSION = 1.0;
				PRODUCT_BUNDLE_IDENTIFIER = com.pankajgaikar.MacRadioTests;
				PRODUCT_NAME = "$(TARGET_NAME)";
				STRING_CATALOG_GENERATE_SYMBOLS = NO;
				SWIFT_APPROACHABLE_CONCURRENCY = YES;
				SWIFT_EMIT_LOC_STRINGS = NO;
				SWIFT_UPCOMING_FEATURE_MEMBER_IMPORT_VISIBILITY = YES;
				SWIFT_VERSION = 5.0;
				TEST_HOST = "$(BUILT_PRODUCTS_DIR)/MacRadio.app/$(BUNDLE_EXECUTABLE_FOLDER_PATH)/MacRadio";
			};
			name = Debug;
		};
		6C56A7A62EE82DF200399E69 /* Release */ = {
			isa = XCBuildConfiguration;
			buildSettings = {
				BUNDLE_LOADER = "$(TEST_HOST)";
				CODE_SIGN_STYLE = Automatic;
				CURRENT_PROJECT_VERSION = 1;
				DEVELOPMENT_TEAM = A3H2F8CC68;
				GENERATE_INFOPLIST_FILE = YES;
				MACOSX_DEPLOYMENT_TARGET = 26.0;
				MARKETING_VERSION = 1.0;
				PRODUCT_BUNDLE_IDENTIFIER = com.pankajgaikar.MacRadioTests;
				PRODUCT_NAME = "$(TARGET_NAME)";
				STRING_CATALOG_GENERATE_SYMBOLS = NO;
				SWIFT_APPROACHABLE_CONCURRENCY = YES;
				SWIFT_EMIT_LOC_STRINGS = NO;
				SWIFT_UPCOMING_FEATURE_MEMBER_IMPORT_VISIBILITY = YES;
				SWIFT_VERSION = 5.0;
				TEST_HOST = "$(BUILT_PRODUCTS_DIR)/MacRadio.app/$(BUNDLE_EXECUTABLE_FOLDER_PATH)/MacRadio";
			};
			name = Release;
		};
		6C56A7A82EE82DF200399E69 /* Debug */ = {
			isa = XCBuildConfiguration;
			buildSettings = {
				CODE_SIGN_STYLE = Automatic;
				CURRENT_PROJECT_VERSION = 1;
				DEVELOPMENT_TEAM = A3H2F8CC68;
				GENERATE_INFOPLIST_FILE = YES;
				MARKETING_VERSION = 1.0;
				PRODUCT_BUNDLE_IDENTIFIER = com.pankajgaikar.MacRadioUITests;
				PRODUCT_NAME = "$(TARGET_NAME)";
				STRING_CATALOG_GENERATE_SYMBOLS = NO;
				SWIFT_APPROACHABLE_CONCURRENCY = YES;
				SWIFT_EMIT_LOC_STRINGS = NO;
				SWIFT_UPCOMING_FEATURE_MEMBER_IMPORT_VISIBILITY = YES;
				SWIFT_VERSION = 5.0;
				TEST_TARGET_NAME = MacRadio;
			};
			name = Debug;
		};
		6C56A7A92EE82DF200399E69 /* Release */ = {
			isa = XCBuildConfiguration;
			buildSettings = {
				CODE_SIGN_STYLE = Automatic;
				CURRENT_PROJECT_VERSION = 1;
				DEVELOPMENT_TEAM = A3H2F8CC68;
				GENERATE_INFOPLIST_FILE = YES;
				MARKETING_VERSION = 1.0;
				PRODUCT_BUNDLE_IDENTIFIER = com.pankajgaikar.MacRadioUITests;
				PRODUCT_NAME = "$(TARGET_NAME)";
				STRING_CATALOG_GENERATE_SYMBOLS = NO;
				SWIFT_APPROACHABLE_CONCURRENCY = YES;
				SWIFT_EMIT_LOC_STRINGS = NO;
				SWIFT_UPCOMING_FEATURE_MEMBER_IMPORT_VISIBILITY = YES;
				SWIFT_VERSION = 5.0;
				TEST_TARGET_NAME = MacRadio;
			};
			name = Release;
		};
/* End XCBuildConfiguration section */

/* Begin XCConfigurationList section */
		6C56A7792EE82DF000399E69 /* Build configuration list for PBXProject "MacRadio" */ = {
			isa = XCConfigurationList;
			buildConfigurations = (
				6C56A79F2EE82DF200399E69 /* Debug */,
				6C56A7A02EE82DF200399E69 /* Release */,
			);
			defaultConfigurationIsVisible = 0;
			defaultConfigurationName = Release;
		};
		6C56A7A12EE82DF200399E69 /* Build configuration list for PBXNativeTarget "MacRadio" */ = {
			isa = XCConfigurationList;
			buildConfigurations = (
				6C56A7A22EE82DF200399E69 /* Debug */,
				6C56A7A32EE82DF200399E69 /* Release */,
			);
			defaultConfigurationIsVisible = 0;
			defaultConfigurationName = Release;
		};
		6C56A7A42EE82DF200399E69 /* Build configuration list for PBXNativeTarget "MacRadioTests" */ = {
			isa = XCConfigurationList;
			buildConfigurations = (
				6C56A7A52EE82DF200399E69 /* Debug */,
				6C56A7A62EE82DF200399E69 /* Release */,
			);
			defaultConfigurationIsVisible = 0;
			defaultConfigurationName = Release;
		};
		6C56A7A72EE82DF200399E69 /* Build configuration list for PBXNativeTarget "MacRadioUITests" */ = {
			isa = XCConfigurationList;
			buildConfigurations = (
				6C56A7A82EE82DF200399E69 /* Debug */,
				6C56A7A92EE82DF200399E69 /* Release */,
			);
			defaultConfigurationIsVisible = 0;
			defaultConfigurationName = Release;
		};
/* End XCConfigurationList section */

/* Begin XCRemoteSwiftPackageReference section */
		6C56A8652EE83D6800399E69 /* XCRemoteSwiftPackageReference "RadioBrowserKit" */ = {
			isa = XCRemoteSwiftPackageReference;
			repositoryURL = "https://github.com/PankajGaikar/RadioBrowserKit?tab=readme-ov-file";
			requirement = {
				kind = upToNextMajorVersion;
				minimumVersion = 0.0.1;
			};
		};
/* End XCRemoteSwiftPackageReference section */

/* Begin XCSwiftPackageProductDependency section */
		6C56A7B92EE82E2900399E69 /* RadioBrowserKit */ = {
			isa = XCSwiftPackageProductDependency;
			productName = RadioBrowserKit;
		};
		6C56A8662EE83D6800399E69 /* RadioBrowserKit */ = {
			isa = XCSwiftPackageProductDependency;
			package = 6C56A8652EE83D6800399E69 /* XCRemoteSwiftPackageReference "RadioBrowserKit" */;
			productName = RadioBrowserKit;
		};
/* End XCSwiftPackageProductDependency section */
	};
	rootObject = 6C56A7762EE82DF000399E69 /* Project object */;
}
